// !$*UTF8*$!
{
	archiveVersion = 1;
	classes = {
	};
	objectVersion = 77;
	objects = {

/* Begin PBXBuildFile section */
		0C71A23805A64310B6DF94F7 /* DynamicDiscoveryTests.swift in Sources */ = {isa = PBXBuildFile; fileRef = A9EBC74ED03A490B95DC31A1 /* DynamicDiscoveryTests.swift */; };
		10373632931B4DB28DB266F9 /* ContentLoadingTests.swift in Sources */ = {isa = PBXBuildFile; fileRef = 82E9F8B840494C54A5F5145D /* ContentLoadingTests.swift */; };
		1CA6F51B13D6437F9DA17B2C /* TestingSystemUITests.swift in Sources */ = {isa = PBXBuildFile; fileRef = 305950DAECD9495583E91DD8 /* TestingSystemUITests.swift */; };
		228A6254C30E49B39F792E33 /* MultiProfileUIIntegrationTests.swift in Sources */ = {isa = PBXBuildFile; fileRef = DE799482F4764F7B8D07C950 /* MultiProfileUIIntegrationTests.swift */; };
		23B3AB9D83F941A09E6D5E82 /* DashboardProgressUITests.swift in Sources */ = {isa = PBXBuildFile; fileRef = 4337A80097ED473A9642F92E /* DashboardProgressUITests.swift */; };
		260B228E440347E593DD1128 /* FlashcardUIIntegrationTests.swift in Sources */ = {isa = PBXBuildFile; fileRef = 84BBF174662348ED9B1F3DD3 /* FlashcardUIIntegrationTests.swift */; };
		2D8E9B27004E4BB286767B6F /* ModelRelationshipTests.swift in Sources */ = {isa = PBXBuildFile; fileRef = 021EAA936DEF4A1A9CA6FFC6 /* ModelRelationshipTests.swift */; };
		39B253782889496C9842C9CE /* StepSparringSystemTests.swift in Sources */ = {isa = PBXBuildFile; fileRef = A1FC23CF55984FEFA06E2CAF /* StepSparringSystemTests.swift */; };
		44104D452E9E987A0005703F /* AccessibilityComplianceTests.swift in Sources */ = {isa = PBXBuildFile; fileRef = 44104D442E9E987A0005703F /* AccessibilityComplianceTests.swift */; };
		448135B42E550CC900966B0E /* TKDojangUITests.swift in Sources */ = {isa = PBXBuildFile; fileRef = 448135B22E550CC900966B0E /* TKDojangUITests.swift */; };
		448135C02E550CD400966B0E /* TestHelpers.swift in Sources */ = {isa = PBXBuildFile; fileRef = 448135B52E550CD400966B0E /* TestHelpers.swift */; };
		448135C12E550CD400966B0E /* PerformanceTests.swift in Sources */ = {isa = PBXBuildFile; fileRef = 448135BB2E550CD400966B0E /* PerformanceTests.swift */; };
		448135C22E550CD400966B0E /* MultiProfileSystemTests.swift in Sources */ = {isa = PBXBuildFile; fileRef = 448135BA2E550CD400966B0E /* MultiProfileSystemTests.swift */; };
		54C957E943BD4DA6AD4431B8 /* LearningSessionWorkflowTests.swift in Sources */ = {isa = PBXBuildFile; fileRef = 46103DBB20094F25BF1D639C /* LearningSessionWorkflowTests.swift */; };
		5AAE1C840A8842AA8AA145D3 /* EdgeCasesPerformanceTests.swift in Sources */ = {isa = PBXBuildFile; fileRef = 9358561A4B1746A096ECD312 /* EdgeCasesPerformanceTests.swift */; };
		7C74545FC9ED4647BC16DEFF /* ArchitecturalIntegrationTests.swift in Sources */ = {isa = PBXBuildFile; fileRef = 826BF8F7C4D84865B0A3D912 /* ArchitecturalIntegrationTests.swift */; };
		85F5E5BD7528474C9AB160C4 /* JSONConsistencyTests.swift in Sources */ = {isa = PBXBuildFile; fileRef = 01E2489E7E0C4B058E3173F2 /* JSONConsistencyTests.swift */; };
		ACC746E189E040E09AA28906 /* PatternSystemTests.swift in Sources */ = {isa = PBXBuildFile; fileRef = CA2CBA0BB5E1448082BAB9E9 /* PatternSystemTests.swift */; };
		AF059284ABE141F99C112E17 /* TheoryTechniquesUITests.swift in Sources */ = {isa = PBXBuildFile; fileRef = 5570D94143CF4BA69B381912 /* TheoryTechniquesUITests.swift */; };
		C322BB4C107941EE97DA6C71 /* NavigationAndStateTests.swift in Sources */ = {isa = PBXBuildFile; fileRef = CA915C825B634AC384824F64 /* NavigationAndStateTests.swift */; };
		DBC71B6036C443BBAF8DF73A /* LineWorkSystemTests.swift in Sources */ = {isa = PBXBuildFile; fileRef = 9CFDF4911E9A4906A0545FE2 /* LineWorkSystemTests.swift */; };
		DF76B15107BA46178318AAB2 /* PracticeSystemUITests.swift in Sources */ = {isa = PBXBuildFile; fileRef = A421DC3DC80C4697AFF9182B /* PracticeSystemUITests.swift */; };
/* End PBXBuildFile section */

/* Begin PBXContainerItemProxy section */
		444D54302E4F8EF8009F3E49 /* PBXContainerItemProxy */ = {
			isa = PBXContainerItemProxy;
			containerPortal = 444D54152E4F8EF4009F3E49 /* Project object */;
			proxyType = 1;
			remoteGlobalIDString = 444D541C2E4F8EF4009F3E49;
			remoteInfo = TKDojang;
		};
		444D543A2E4F8EF8009F3E49 /* PBXContainerItemProxy */ = {
			isa = PBXContainerItemProxy;
			containerPortal = 444D54152E4F8EF4009F3E49 /* Project object */;
			proxyType = 1;
			remoteGlobalIDString = 444D541C2E4F8EF4009F3E49;
			remoteInfo = TKDojang;
		};
/* End PBXContainerItemProxy section */

/* Begin PBXFileReference section */
		01E2489E7E0C4B058E3173F2 /* JSONConsistencyTests.swift */ = {isa = PBXFileReference; lastKnownFileType = sourcecode.swift; path = JSONConsistencyTests.swift; sourceTree = "<group>"; };
		021EAA936DEF4A1A9CA6FFC6 /* ModelRelationshipTests.swift */ = {isa = PBXFileReference; lastKnownFileType = sourcecode.swift; path = ModelRelationshipTests.swift; sourceTree = "<group>"; };
		305950DAECD9495583E91DD8 /* TestingSystemUITests.swift */ = {isa = PBXFileReference; lastKnownFileType = sourcecode.swift; path = TestingSystemUITests.swift; sourceTree = "<group>"; };
		4337A80097ED473A9642F92E /* DashboardProgressUITests.swift */ = {isa = PBXFileReference; lastKnownFileType = sourcecode.swift; path = DashboardProgressUITests.swift; sourceTree = "<group>"; };
		44104D442E9E987A0005703F /* AccessibilityComplianceTests.swift */ = {isa = PBXFileReference; lastKnownFileType = sourcecode.swift; path = AccessibilityComplianceTests.swift; sourceTree = "<group>"; };
		444D541D2E4F8EF4009F3E49 /* TKDojang.app */ = {isa = PBXFileReference; explicitFileType = wrapper.application; includeInIndex = 0; path = TKDojang.app; sourceTree = BUILT_PRODUCTS_DIR; };
		444D542F2E4F8EF8009F3E49 /* TKDojangTests.xctest */ = {isa = PBXFileReference; explicitFileType = wrapper.cfbundle; includeInIndex = 0; path = TKDojangTests.xctest; sourceTree = BUILT_PRODUCTS_DIR; };
		444D54392E4F8EF8009F3E49 /* TKDojangUITests.xctest */ = {isa = PBXFileReference; explicitFileType = wrapper.cfbundle; includeInIndex = 0; path = TKDojangUITests.xctest; sourceTree = BUILT_PRODUCTS_DIR; };
		448135B22E550CC900966B0E /* TKDojangUITests.swift */ = {isa = PBXFileReference; lastKnownFileType = sourcecode.swift; path = TKDojangUITests.swift; sourceTree = "<group>"; };
		448135B52E550CD400966B0E /* TestHelpers.swift */ = {isa = PBXFileReference; lastKnownFileType = sourcecode.swift; path = TestHelpers.swift; sourceTree = "<group>"; };
		448135BA2E550CD400966B0E /* MultiProfileSystemTests.swift */ = {isa = PBXFileReference; lastKnownFileType = sourcecode.swift; path = MultiProfileSystemTests.swift; sourceTree = "<group>"; };
		448135BB2E550CD400966B0E /* PerformanceTests.swift */ = {isa = PBXFileReference; lastKnownFileType = sourcecode.swift; path = PerformanceTests.swift; sourceTree = "<group>"; };
		46103DBB20094F25BF1D639C /* LearningSessionWorkflowTests.swift */ = {isa = PBXFileReference; lastKnownFileType = sourcecode.swift; path = LearningSessionWorkflowTests.swift; sourceTree = "<group>"; };
		5570D94143CF4BA69B381912 /* TheoryTechniquesUITests.swift */ = {isa = PBXFileReference; lastKnownFileType = sourcecode.swift; path = TheoryTechniquesUITests.swift; sourceTree = "<group>"; };
		826BF8F7C4D84865B0A3D912 /* ArchitecturalIntegrationTests.swift */ = {isa = PBXFileReference; lastKnownFileType = sourcecode.swift; path = ArchitecturalIntegrationTests.swift; sourceTree = "<group>"; };
		82E9F8B840494C54A5F5145D /* ContentLoadingTests.swift */ = {isa = PBXFileReference; lastKnownFileType = sourcecode.swift; path = ContentLoadingTests.swift; sourceTree = "<group>"; };
		84BBF174662348ED9B1F3DD3 /* FlashcardUIIntegrationTests.swift */ = {isa = PBXFileReference; lastKnownFileType = sourcecode.swift; path = FlashcardUIIntegrationTests.swift; sourceTree = "<group>"; };
		9358561A4B1746A096ECD312 /* EdgeCasesPerformanceTests.swift */ = {isa = PBXFileReference; lastKnownFileType = sourcecode.swift; path = EdgeCasesPerformanceTests.swift; sourceTree = "<group>"; };
		9CFDF4911E9A4906A0545FE2 /* LineWorkSystemTests.swift */ = {isa = PBXFileReference; lastKnownFileType = sourcecode.swift; path = LineWorkSystemTests.swift; sourceTree = "<group>"; };
		A1FC23CF55984FEFA06E2CAF /* StepSparringSystemTests.swift */ = {isa = PBXFileReference; lastKnownFileType = sourcecode.swift; path = StepSparringSystemTests.swift; sourceTree = "<group>"; };
		A421DC3DC80C4697AFF9182B /* PracticeSystemUITests.swift */ = {isa = PBXFileReference; lastKnownFileType = sourcecode.swift; path = PracticeSystemUITests.swift; sourceTree = "<group>"; };
		A9EBC74ED03A490B95DC31A1 /* DynamicDiscoveryTests.swift */ = {isa = PBXFileReference; lastKnownFileType = sourcecode.swift; path = DynamicDiscoveryTests.swift; sourceTree = "<group>"; };
		CA2CBA0BB5E1448082BAB9E9 /* PatternSystemTests.swift */ = {isa = PBXFileReference; lastKnownFileType = sourcecode.swift; path = PatternSystemTests.swift; sourceTree = "<group>"; };
		CA915C825B634AC384824F64 /* NavigationAndStateTests.swift */ = {isa = PBXFileReference; lastKnownFileType = sourcecode.swift; path = NavigationAndStateTests.swift; sourceTree = "<group>"; };
		DE799482F4764F7B8D07C950 /* MultiProfileUIIntegrationTests.swift */ = {isa = PBXFileReference; lastKnownFileType = sourcecode.swift; path = MultiProfileUIIntegrationTests.swift; sourceTree = "<group>"; };
/* End PBXFileReference section */

/* Begin PBXFileSystemSynchronizedBuildFileExceptionSet section */
		444D547E2E4F9484009F3E49 /* Exceptions for "TKDojang" folder in "TKDojang" target */ = {
			isa = PBXFileSystemSynchronizedBuildFileExceptionSet;
			membershipExceptions = (
				Info.plist,
			);
			target = 444D541C2E4F8EF4009F3E49 /* TKDojang */;
		};
/* End PBXFileSystemSynchronizedBuildFileExceptionSet section */

/* Begin PBXFileSystemSynchronizedRootGroup section */
		444D541F2E4F8EF4009F3E49 /* TKDojang */ = {
			isa = PBXFileSystemSynchronizedRootGroup;
			exceptions = (
				444D547E2E4F9484009F3E49 /* Exceptions for "TKDojang" folder in "TKDojang" target */,
			);
			path = TKDojang;
			sourceTree = "<group>";
		};
/* End PBXFileSystemSynchronizedRootGroup section */

/* Begin PBXFrameworksBuildPhase section */
		444D541A2E4F8EF4009F3E49 /* Frameworks */ = {
			isa = PBXFrameworksBuildPhase;
			buildActionMask = 2147483647;
			files = (
			);
			runOnlyForDeploymentPostprocessing = 0;
		};
		444D542C2E4F8EF8009F3E49 /* Frameworks */ = {
			isa = PBXFrameworksBuildPhase;
			buildActionMask = 2147483647;
			files = (
			);
			runOnlyForDeploymentPostprocessing = 0;
		};
		444D54362E4F8EF8009F3E49 /* Frameworks */ = {
			isa = PBXFrameworksBuildPhase;
			buildActionMask = 2147483647;
			files = (
			);
			runOnlyForDeploymentPostprocessing = 0;
		};
/* End PBXFrameworksBuildPhase section */

/* Begin PBXGroup section */
		444D54142E4F8EF4009F3E49 = {
			isa = PBXGroup;
			children = (
				448135BD2E550CD400966B0E /* TKDojangTests */,
				448135B32E550CC900966B0E /* TKDojangUITests */,
				444D541F2E4F8EF4009F3E49 /* TKDojang */,
				444D541E2E4F8EF4009F3E49 /* Products */,
			);
			sourceTree = "<group>";
		};
		444D541E2E4F8EF4009F3E49 /* Products */ = {
			isa = PBXGroup;
			children = (
				444D541D2E4F8EF4009F3E49 /* TKDojang.app */,
				444D542F2E4F8EF8009F3E49 /* TKDojangTests.xctest */,
				444D54392E4F8EF8009F3E49 /* TKDojangUITests.xctest */,
			);
			name = Products;
			sourceTree = "<group>";
		};
		448135B32E550CC900966B0E /* TKDojangUITests */ = {
			isa = PBXGroup;
			children = (
				448135B22E550CC900966B0E /* TKDojangUITests.swift */,
			);
			path = TKDojangUITests;
			sourceTree = "<group>";
		};
		448135B62E550CD400966B0E /* TestHelpers */ = {
			isa = PBXGroup;
			children = (
				448135B52E550CD400966B0E /* TestHelpers.swift */,
			);
			path = TestHelpers;
			sourceTree = "<group>";
		};
		448135BD2E550CD400966B0E /* TKDojangTests */ = {
			isa = PBXGroup;
			children = (
				44104D442E9E987A0005703F /* AccessibilityComplianceTests.swift */,
				448135B62E550CD400966B0E /* TestHelpers */,
				448135BA2E550CD400966B0E /* MultiProfileSystemTests.swift */,
				448135BB2E550CD400966B0E /* PerformanceTests.swift */,
				826BF8F7C4D84865B0A3D912 /* ArchitecturalIntegrationTests.swift */,
				82E9F8B840494C54A5F5145D /* ContentLoadingTests.swift */,
				4337A80097ED473A9642F92E /* DashboardProgressUITests.swift */,
				A9EBC74ED03A490B95DC31A1 /* DynamicDiscoveryTests.swift */,
				9358561A4B1746A096ECD312 /* EdgeCasesPerformanceTests.swift */,
				84BBF174662348ED9B1F3DD3 /* FlashcardUIIntegrationTests.swift */,
				01E2489E7E0C4B058E3173F2 /* JSONConsistencyTests.swift */,
				46103DBB20094F25BF1D639C /* LearningSessionWorkflowTests.swift */,
				9CFDF4911E9A4906A0545FE2 /* LineWorkSystemTests.swift */,
				021EAA936DEF4A1A9CA6FFC6 /* ModelRelationshipTests.swift */,
				DE799482F4764F7B8D07C950 /* MultiProfileUIIntegrationTests.swift */,
				CA915C825B634AC384824F64 /* NavigationAndStateTests.swift */,
				CA2CBA0BB5E1448082BAB9E9 /* PatternSystemTests.swift */,
				A421DC3DC80C4697AFF9182B /* PracticeSystemUITests.swift */,
				A1FC23CF55984FEFA06E2CAF /* StepSparringSystemTests.swift */,
				305950DAECD9495583E91DD8 /* TestingSystemUITests.swift */,
				5570D94143CF4BA69B381912 /* TheoryTechniquesUITests.swift */,
			);
			path = TKDojangTests;
			sourceTree = "<group>";
		};
/* End PBXGroup section */

/* Begin PBXNativeTarget section */
		444D541C2E4F8EF4009F3E49 /* TKDojang */ = {
			isa = PBXNativeTarget;
			buildConfigurationList = 444D54432E4F8EF8009F3E49 /* Build configuration list for PBXNativeTarget "TKDojang" */;
			buildPhases = (
				444D54192E4F8EF4009F3E49 /* Sources */,
				444D541A2E4F8EF4009F3E49 /* Frameworks */,
				444D541B2E4F8EF4009F3E49 /* Resources */,
			);
			buildRules = (
			);
			dependencies = (
			);
			fileSystemSynchronizedGroups = (
				444D541F2E4F8EF4009F3E49 /* TKDojang */,
			);
			name = TKDojang;
			packageProductDependencies = (
			);
			productName = TKDojang;
			productReference = 444D541D2E4F8EF4009F3E49 /* TKDojang.app */;
			productType = "com.apple.product-type.application";
		};
		444D542E2E4F8EF8009F3E49 /* TKDojangTests */ = {
			isa = PBXNativeTarget;
			buildConfigurationList = 444D54462E4F8EF8009F3E49 /* Build configuration list for PBXNativeTarget "TKDojangTests" */;
			buildPhases = (
				444D542B2E4F8EF8009F3E49 /* Sources */,
				444D542C2E4F8EF8009F3E49 /* Frameworks */,
				444D542D2E4F8EF8009F3E49 /* Resources */,
			);
			buildRules = (
			);
			dependencies = (
				444D54312E4F8EF8009F3E49 /* PBXTargetDependency */,
			);
			name = TKDojangTests;
			packageProductDependencies = (
			);
			productName = TKDojangTests;
			productReference = 444D542F2E4F8EF8009F3E49 /* TKDojangTests.xctest */;
			productType = "com.apple.product-type.bundle.unit-test";
		};
		444D54382E4F8EF8009F3E49 /* TKDojangUITests */ = {
			isa = PBXNativeTarget;
			buildConfigurationList = 444D54492E4F8EF8009F3E49 /* Build configuration list for PBXNativeTarget "TKDojangUITests" */;
			buildPhases = (
				444D54352E4F8EF8009F3E49 /* Sources */,
				444D54362E4F8EF8009F3E49 /* Frameworks */,
				444D54372E4F8EF8009F3E49 /* Resources */,
			);
			buildRules = (
			);
			dependencies = (
				444D543B2E4F8EF8009F3E49 /* PBXTargetDependency */,
			);
			name = TKDojangUITests;
			packageProductDependencies = (
			);
			productName = TKDojangUITests;
			productReference = 444D54392E4F8EF8009F3E49 /* TKDojangUITests.xctest */;
			productType = "com.apple.product-type.bundle.ui-testing";
		};
/* End PBXNativeTarget section */

/* Begin PBXProject section */
		444D54152E4F8EF4009F3E49 /* Project object */ = {
			isa = PBXProject;
			attributes = {
				BuildIndependentTargetsInParallel = 1;
				LastSwiftUpdateCheck = 1640;
				LastUpgradeCheck = 1640;
				TargetAttributes = {
					444D541C2E4F8EF4009F3E49 = {
						CreatedOnToolsVersion = 16.4;
					};
					444D542E2E4F8EF8009F3E49 = {
						CreatedOnToolsVersion = 16.4;
						TestTargetID = 444D541C2E4F8EF4009F3E49;
					};
					444D54382E4F8EF8009F3E49 = {
						CreatedOnToolsVersion = 16.4;
						TestTargetID = 444D541C2E4F8EF4009F3E49;
					};
				};
			};
			buildConfigurationList = 444D54182E4F8EF4009F3E49 /* Build configuration list for PBXProject "TKDojang" */;
			developmentRegion = en;
			hasScannedForEncodings = 0;
			knownRegions = (
				en,
				Base,
			);
			mainGroup = 444D54142E4F8EF4009F3E49;
			minimizedProjectReferenceProxies = 1;
			preferredProjectObjectVersion = 77;
			productRefGroup = 444D541E2E4F8EF4009F3E49 /* Products */;
			projectDirPath = "";
			projectRoot = "";
			targets = (
				444D541C2E4F8EF4009F3E49 /* TKDojang */,
				444D542E2E4F8EF8009F3E49 /* TKDojangTests */,
				444D54382E4F8EF8009F3E49 /* TKDojangUITests */,
			);
		};
/* End PBXProject section */

/* Begin PBXResourcesBuildPhase section */
		444D541B2E4F8EF4009F3E49 /* Resources */ = {
			isa = PBXResourcesBuildPhase;
			buildActionMask = 2147483647;
			files = (
			);
			runOnlyForDeploymentPostprocessing = 0;
		};
		444D542D2E4F8EF8009F3E49 /* Resources */ = {
			isa = PBXResourcesBuildPhase;
			buildActionMask = 2147483647;
			files = (
			);
			runOnlyForDeploymentPostprocessing = 0;
		};
		444D54372E4F8EF8009F3E49 /* Resources */ = {
			isa = PBXResourcesBuildPhase;
			buildActionMask = 2147483647;
			files = (
			);
			runOnlyForDeploymentPostprocessing = 0;
		};
/* End PBXResourcesBuildPhase section */

/* Begin PBXSourcesBuildPhase section */
		444D54192E4F8EF4009F3E49 /* Sources */ = {
			isa = PBXSourcesBuildPhase;
			buildActionMask = 2147483647;
			files = (
			);
			runOnlyForDeploymentPostprocessing = 0;
		};
		444D542B2E4F8EF8009F3E49 /* Sources */ = {
			isa = PBXSourcesBuildPhase;
			buildActionMask = 2147483647;
			files = (
				448135C02E550CD400966B0E /* TestHelpers.swift in Sources */,
				448135C12E550CD400966B0E /* PerformanceTests.swift in Sources */,
				44104D452E9E987A0005703F /* AccessibilityComplianceTests.swift in Sources */,
				448135C22E550CD400966B0E /* MultiProfileSystemTests.swift in Sources */,
				7C74545FC9ED4647BC16DEFF /* ArchitecturalIntegrationTests.swift in Sources */,
				10373632931B4DB28DB266F9 /* ContentLoadingTests.swift in Sources */,
				23B3AB9D83F941A09E6D5E82 /* DashboardProgressUITests.swift in Sources */,
				0C71A23805A64310B6DF94F7 /* DynamicDiscoveryTests.swift in Sources */,
				5AAE1C840A8842AA8AA145D3 /* EdgeCasesPerformanceTests.swift in Sources */,
				260B228E440347E593DD1128 /* FlashcardUIIntegrationTests.swift in Sources */,
				85F5E5BD7528474C9AB160C4 /* JSONConsistencyTests.swift in Sources */,
				54C957E943BD4DA6AD4431B8 /* LearningSessionWorkflowTests.swift in Sources */,
				DBC71B6036C443BBAF8DF73A /* LineWorkSystemTests.swift in Sources */,
				2D8E9B27004E4BB286767B6F /* ModelRelationshipTests.swift in Sources */,
				228A6254C30E49B39F792E33 /* MultiProfileUIIntegrationTests.swift in Sources */,
				C322BB4C107941EE97DA6C71 /* NavigationAndStateTests.swift in Sources */,
				ACC746E189E040E09AA28906 /* PatternSystemTests.swift in Sources */,
				DF76B15107BA46178318AAB2 /* PracticeSystemUITests.swift in Sources */,
				39B253782889496C9842C9CE /* StepSparringSystemTests.swift in Sources */,
				1CA6F51B13D6437F9DA17B2C /* TestingSystemUITests.swift in Sources */,
				AF059284ABE141F99C112E17 /* TheoryTechniquesUITests.swift in Sources */,
			);
			runOnlyForDeploymentPostprocessing = 0;
		};
		444D54352E4F8EF8009F3E49 /* Sources */ = {
			isa = PBXSourcesBuildPhase;
			buildActionMask = 2147483647;
			files = (
				448135B42E550CC900966B0E /* TKDojangUITests.swift in Sources */,
			);
			runOnlyForDeploymentPostprocessing = 0;
		};
/* End PBXSourcesBuildPhase section */

/* Begin PBXTargetDependency section */
		444D54312E4F8EF8009F3E49 /* PBXTargetDependency */ = {
			isa = PBXTargetDependency;
			target = 444D541C2E4F8EF4009F3E49 /* TKDojang */;
			targetProxy = 444D54302E4F8EF8009F3E49 /* PBXContainerItemProxy */;
		};
		444D543B2E4F8EF8009F3E49 /* PBXTargetDependency */ = {
			isa = PBXTargetDependency;
			target = 444D541C2E4F8EF4009F3E49 /* TKDojang */;
			targetProxy = 444D543A2E4F8EF8009F3E49 /* PBXContainerItemProxy */;
		};
/* End PBXTargetDependency section */

/* Begin XCBuildConfiguration section */
		444D54412E4F8EF8009F3E49 /* Debug */ = {
			isa = XCBuildConfiguration;
			buildSettings = {
				ALWAYS_SEARCH_USER_PATHS = NO;
				ASSETCATALOG_COMPILER_GENERATE_SWIFT_ASSET_SYMBOL_EXTENSIONS = YES;
				CLANG_ANALYZER_NONNULL = YES;
				CLANG_ANALYZER_NUMBER_OBJECT_CONVERSION = YES_AGGRESSIVE;
				CLANG_CXX_LANGUAGE_STANDARD = "gnu++20";
				CLANG_ENABLE_MODULES = YES;
				CLANG_ENABLE_OBJC_ARC = YES;
				CLANG_ENABLE_OBJC_WEAK = YES;
				CLANG_WARN_BLOCK_CAPTURE_AUTORELEASING = YES;
				CLANG_WARN_BOOL_CONVERSION = YES;
				CLANG_WARN_COMMA = YES;
				CLANG_WARN_CONSTANT_CONVERSION = YES;
				CLANG_WARN_DEPRECATED_OBJC_IMPLEMENTATIONS = YES;
				CLANG_WARN_DIRECT_OBJC_ISA_USAGE = YES_ERROR;
				CLANG_WARN_DOCUMENTATION_COMMENTS = YES;
				CLANG_WARN_EMPTY_BODY = YES;
				CLANG_WARN_ENUM_CONVERSION = YES;
				CLANG_WARN_INFINITE_RECURSION = YES;
				CLANG_WARN_INT_CONVERSION = YES;
				CLANG_WARN_NON_LITERAL_NULL_CONVERSION = YES;
				CLANG_WARN_OBJC_IMPLICIT_RETAIN_SELF = YES;
				CLANG_WARN_OBJC_LITERAL_CONVERSION = YES;
				CLANG_WARN_OBJC_ROOT_CLASS = YES_ERROR;
				CLANG_WARN_QUOTED_INCLUDE_IN_FRAMEWORK_HEADER = YES;
				CLANG_WARN_RANGE_LOOP_ANALYSIS = YES;
				CLANG_WARN_STRICT_PROTOTYPES = YES;
				CLANG_WARN_SUSPICIOUS_MOVE = YES;
				CLANG_WARN_UNGUARDED_AVAILABILITY = YES_AGGRESSIVE;
				CLANG_WARN_UNREACHABLE_CODE = YES;
				CLANG_WARN__DUPLICATE_METHOD_MATCH = YES;
				COPY_PHASE_STRIP = NO;
				DEBUG_INFORMATION_FORMAT = dwarf;
				DEVELOPMENT_TEAM = 49BD3BH578;
				ENABLE_STRICT_OBJC_MSGSEND = YES;
				ENABLE_TESTABILITY = YES;
				ENABLE_USER_SCRIPT_SANDBOXING = YES;
				GCC_C_LANGUAGE_STANDARD = gnu17;
				GCC_DYNAMIC_NO_PIC = NO;
				GCC_NO_COMMON_BLOCKS = YES;
				GCC_OPTIMIZATION_LEVEL = 0;
				GCC_PREPROCESSOR_DEFINITIONS = (
					"DEBUG=1",
					"$(inherited)",
				);
				GCC_WARN_64_TO_32_BIT_CONVERSION = YES;
				GCC_WARN_ABOUT_RETURN_TYPE = YES_ERROR;
				GCC_WARN_UNDECLARED_SELECTOR = YES;
				GCC_WARN_UNINITIALIZED_AUTOS = YES_AGGRESSIVE;
				GCC_WARN_UNUSED_FUNCTION = YES;
				GCC_WARN_UNUSED_VARIABLE = YES;
				IPHONEOS_DEPLOYMENT_TARGET = 18.5;
				LOCALIZATION_PREFERS_STRING_CATALOGS = YES;
				MTL_ENABLE_DEBUG_INFO = INCLUDE_SOURCE;
				MTL_FAST_MATH = YES;
				ONLY_ACTIVE_ARCH = YES;
				SDKROOT = iphoneos;
				SWIFT_ACTIVE_COMPILATION_CONDITIONS = "DEBUG $(inherited)";
				SWIFT_OPTIMIZATION_LEVEL = "-Onone";
			};
			name = Debug;
		};
		444D54422E4F8EF8009F3E49 /* Release */ = {
			isa = XCBuildConfiguration;
			buildSettings = {
				ALWAYS_SEARCH_USER_PATHS = NO;
				ASSETCATALOG_COMPILER_GENERATE_SWIFT_ASSET_SYMBOL_EXTENSIONS = YES;
				CLANG_ANALYZER_NONNULL = YES;
				CLANG_ANALYZER_NUMBER_OBJECT_CONVERSION = YES_AGGRESSIVE;
				CLANG_CXX_LANGUAGE_STANDARD = "gnu++20";
				CLANG_ENABLE_MODULES = YES;
				CLANG_ENABLE_OBJC_ARC = YES;
				CLANG_ENABLE_OBJC_WEAK = YES;
				CLANG_WARN_BLOCK_CAPTURE_AUTORELEASING = YES;
				CLANG_WARN_BOOL_CONVERSION = YES;
				CLANG_WARN_COMMA = YES;
				CLANG_WARN_CONSTANT_CONVERSION = YES;
				CLANG_WARN_DEPRECATED_OBJC_IMPLEMENTATIONS = YES;
				CLANG_WARN_DIRECT_OBJC_ISA_USAGE = YES_ERROR;
				CLANG_WARN_DOCUMENTATION_COMMENTS = YES;
				CLANG_WARN_EMPTY_BODY = YES;
				CLANG_WARN_ENUM_CONVERSION = YES;
				CLANG_WARN_INFINITE_RECURSION = YES;
				CLANG_WARN_INT_CONVERSION = YES;
				CLANG_WARN_NON_LITERAL_NULL_CONVERSION = YES;
				CLANG_WARN_OBJC_IMPLICIT_RETAIN_SELF = YES;
				CLANG_WARN_OBJC_LITERAL_CONVERSION = YES;
				CLANG_WARN_OBJC_ROOT_CLASS = YES_ERROR;
				CLANG_WARN_QUOTED_INCLUDE_IN_FRAMEWORK_HEADER = YES;
				CLANG_WARN_RANGE_LOOP_ANALYSIS = YES;
				CLANG_WARN_STRICT_PROTOTYPES = YES;
				CLANG_WARN_SUSPICIOUS_MOVE = YES;
				CLANG_WARN_UNGUARDED_AVAILABILITY = YES_AGGRESSIVE;
				CLANG_WARN_UNREACHABLE_CODE = YES;
				CLANG_WARN__DUPLICATE_METHOD_MATCH = YES;
				COPY_PHASE_STRIP = NO;
				DEBUG_INFORMATION_FORMAT = "dwarf-with-dsym";
				DEVELOPMENT_TEAM = 49BD3BH578;
				ENABLE_NS_ASSERTIONS = NO;
				ENABLE_STRICT_OBJC_MSGSEND = YES;
				ENABLE_USER_SCRIPT_SANDBOXING = YES;
				GCC_C_LANGUAGE_STANDARD = gnu17;
				GCC_NO_COMMON_BLOCKS = YES;
				GCC_WARN_64_TO_32_BIT_CONVERSION = YES;
				GCC_WARN_ABOUT_RETURN_TYPE = YES_ERROR;
				GCC_WARN_UNDECLARED_SELECTOR = YES;
				GCC_WARN_UNINITIALIZED_AUTOS = YES_AGGRESSIVE;
				GCC_WARN_UNUSED_FUNCTION = YES;
				GCC_WARN_UNUSED_VARIABLE = YES;
				IPHONEOS_DEPLOYMENT_TARGET = 18.5;
				LOCALIZATION_PREFERS_STRING_CATALOGS = YES;
				MTL_ENABLE_DEBUG_INFO = NO;
				MTL_FAST_MATH = YES;
				SDKROOT = iphoneos;
				SWIFT_COMPILATION_MODE = wholemodule;
				VALIDATE_PRODUCT = YES;
			};
			name = Release;
		};
		444D54442E4F8EF8009F3E49 /* Debug */ = {
			isa = XCBuildConfiguration;
			buildSettings = {
				ASSETCATALOG_COMPILER_APPICON_NAME = AppIcon;
				ASSETCATALOG_COMPILER_GLOBAL_ACCENT_COLOR_NAME = AccentColor;
				CODE_SIGN_STYLE = Automatic;
				CURRENT_PROJECT_VERSION = 1;
				DEVELOPMENT_TEAM = 49BD3BH578;
				ENABLE_PREVIEWS = YES;
				GENERATE_INFOPLIST_FILE = YES;
				INFOPLIST_KEY_UIApplicationSceneManifest_Generation = YES;
				INFOPLIST_KEY_UIApplicationSupportsIndirectInputEvents = YES;
				INFOPLIST_KEY_UILaunchScreen_Generation = YES;
				INFOPLIST_KEY_UISupportedInterfaceOrientations_iPad = "UIInterfaceOrientationPortrait UIInterfaceOrientationPortraitUpsideDown UIInterfaceOrientationLandscapeLeft UIInterfaceOrientationLandscapeRight";
				INFOPLIST_KEY_UISupportedInterfaceOrientations_iPhone = "UIInterfaceOrientationPortrait UIInterfaceOrientationLandscapeLeft UIInterfaceOrientationLandscapeRight";
				LD_RUNPATH_SEARCH_PATHS = (
					"$(inherited)",
					"@executable_path/Frameworks",
				);
				MARKETING_VERSION = 1.0;
				PRODUCT_BUNDLE_IDENTIFIER = com.cmh.tkdojang.TKDojang;
				PRODUCT_NAME = "$(TARGET_NAME)";
				SWIFT_EMIT_LOC_STRINGS = YES;
				SWIFT_VERSION = 5.0;
				TARGETED_DEVICE_FAMILY = "1,2";
			};
			name = Debug;
		};
		444D54452E4F8EF8009F3E49 /* Release */ = {
			isa = XCBuildConfiguration;
			buildSettings = {
				ASSETCATALOG_COMPILER_APPICON_NAME = AppIcon;
				ASSETCATALOG_COMPILER_GLOBAL_ACCENT_COLOR_NAME = AccentColor;
				CODE_SIGN_STYLE = Automatic;
				CURRENT_PROJECT_VERSION = 1;
				DEVELOPMENT_TEAM = 49BD3BH578;
				ENABLE_PREVIEWS = YES;
				GENERATE_INFOPLIST_FILE = YES;
				INFOPLIST_KEY_UIApplicationSceneManifest_Generation = YES;
				INFOPLIST_KEY_UIApplicationSupportsIndirectInputEvents = YES;
				INFOPLIST_KEY_UILaunchScreen_Generation = YES;
				INFOPLIST_KEY_UISupportedInterfaceOrientations_iPad = "UIInterfaceOrientationPortrait UIInterfaceOrientationPortraitUpsideDown UIInterfaceOrientationLandscapeLeft UIInterfaceOrientationLandscapeRight";
				INFOPLIST_KEY_UISupportedInterfaceOrientations_iPhone = "UIInterfaceOrientationPortrait UIInterfaceOrientationLandscapeLeft UIInterfaceOrientationLandscapeRight";
				LD_RUNPATH_SEARCH_PATHS = (
					"$(inherited)",
					"@executable_path/Frameworks",
				);
				MARKETING_VERSION = 1.0;
				PRODUCT_BUNDLE_IDENTIFIER = com.cmh.tkdojang.TKDojang;
				PRODUCT_NAME = "$(TARGET_NAME)";
				SWIFT_EMIT_LOC_STRINGS = YES;
				SWIFT_VERSION = 5.0;
				TARGETED_DEVICE_FAMILY = "1,2";
			};
			name = Release;
		};
		444D54472E4F8EF8009F3E49 /* Debug */ = {
			isa = XCBuildConfiguration;
			buildSettings = {
				BUNDLE_LOADER = "$(TEST_HOST)";
				CODE_SIGN_STYLE = Automatic;
				CURRENT_PROJECT_VERSION = 1;
				DEVELOPMENT_TEAM = 49BD3BH578;
				GENERATE_INFOPLIST_FILE = YES;
				IPHONEOS_DEPLOYMENT_TARGET = 18.5;
				MARKETING_VERSION = 1.0;
				PRODUCT_BUNDLE_IDENTIFIER = com.cmh.tkdojang.TKDojangTests;
				PRODUCT_NAME = "$(TARGET_NAME)";
				SWIFT_EMIT_LOC_STRINGS = NO;
				SWIFT_VERSION = 5.0;
				TARGETED_DEVICE_FAMILY = "1,2";
				TEST_HOST = "$(BUILT_PRODUCTS_DIR)/TKDojang.app/$(BUNDLE_EXECUTABLE_FOLDER_PATH)/TKDojang";
			};
			name = Debug;
		};
		444D54482E4F8EF8009F3E49 /* Release */ = {
			isa = XCBuildConfiguration;
			buildSettings = {
				BUNDLE_LOADER = "$(TEST_HOST)";
				CODE_SIGN_STYLE = Automatic;
				CURRENT_PROJECT_VERSION = 1;
				DEVELOPMENT_TEAM = 49BD3BH578;
				GENERATE_INFOPLIST_FILE = YES;
				IPHONEOS_DEPLOYMENT_TARGET = 18.5;
				MARKETING_VERSION = 1.0;
				PRODUCT_BUNDLE_IDENTIFIER = com.cmh.tkdojang.TKDojangTests;
				PRODUCT_NAME = "$(TARGET_NAME)";
				SWIFT_EMIT_LOC_STRINGS = NO;
				SWIFT_VERSION = 5.0;
				TARGETED_DEVICE_FAMILY = "1,2";
				TEST_HOST = "$(BUILT_PRODUCTS_DIR)/TKDojang.app/$(BUNDLE_EXECUTABLE_FOLDER_PATH)/TKDojang";
			};
			name = Release;
		};
		444D544A2E4F8EF8009F3E49 /* Debug */ = {
			isa = XCBuildConfiguration;
			buildSettings = {
				CODE_SIGN_STYLE = Automatic;
				CURRENT_PROJECT_VERSION = 1;
				DEVELOPMENT_TEAM = 49BD3BH578;
				GENERATE_INFOPLIST_FILE = YES;
				MARKETING_VERSION = 1.0;
				PRODUCT_BUNDLE_IDENTIFIER = com.cmh.tkdojang.TKDojangUITests;
				PRODUCT_NAME = "$(TARGET_NAME)";
				SWIFT_EMIT_LOC_STRINGS = NO;
				SWIFT_VERSION = 5.0;
				TARGETED_DEVICE_FAMILY = "1,2";
				TEST_TARGET_NAME = TKDojang;
			};
			name = Debug;
		};
		444D544B2E4F8EF8009F3E49 /* Release */ = {
			isa = XCBuildConfiguration;
			buildSettings = {
				CODE_SIGN_STYLE = Automatic;
				CURRENT_PROJECT_VERSION = 1;
				DEVELOPMENT_TEAM = 49BD3BH578;
				GENERATE_INFOPLIST_FILE = YES;
				MARKETING_VERSION = 1.0;
				PRODUCT_BUNDLE_IDENTIFIER = com.cmh.tkdojang.TKDojangUITests;
				PRODUCT_NAME = "$(TARGET_NAME)";
				SWIFT_EMIT_LOC_STRINGS = NO;
				SWIFT_VERSION = 5.0;
				TARGETED_DEVICE_FAMILY = "1,2";
				TEST_TARGET_NAME = TKDojang;
			};
			name = Release;
		};
/* End XCBuildConfiguration section */

/* Begin XCConfigurationList section */
		444D54182E4F8EF4009F3E49 /* Build configuration list for PBXProject "TKDojang" */ = {
			isa = XCConfigurationList;
			buildConfigurations = (
				444D54412E4F8EF8009F3E49 /* Debug */,
				444D54422E4F8EF8009F3E49 /* Release */,
			);
			defaultConfigurationIsVisible = 0;
			defaultConfigurationName = Release;
		};
		444D54432E4F8EF8009F3E49 /* Build configuration list for PBXNativeTarget "TKDojang" */ = {
			isa = XCConfigurationList;
			buildConfigurations = (
				444D54442E4F8EF8009F3E49 /* Debug */,
				444D54452E4F8EF8009F3E49 /* Release */,
			);
			defaultConfigurationIsVisible = 0;
			defaultConfigurationName = Release;
		};
		444D54462E4F8EF8009F3E49 /* Build configuration list for PBXNativeTarget "TKDojangTests" */ = {
			isa = XCConfigurationList;
			buildConfigurations = (
				444D54472E4F8EF8009F3E49 /* Debug */,
				444D54482E4F8EF8009F3E49 /* Release */,
			);
			defaultConfigurationIsVisible = 0;
			defaultConfigurationName = Release;
		};
		444D54492E4F8EF8009F3E49 /* Build configuration list for PBXNativeTarget "TKDojangUITests" */ = {
			isa = XCConfigurationList;
			buildConfigurations = (
				444D544A2E4F8EF8009F3E49 /* Debug */,
				444D544B2E4F8EF8009F3E49 /* Release */,
			);
			defaultConfigurationIsVisible = 0;
			defaultConfigurationName = Release;
		};
/* End XCConfigurationList section */
	};
	rootObject = 444D54152E4F8EF4009F3E49 /* Project object */;
}
